
Microsoft Visual Studio Solution File, Format Version 12.00
# Visual Studio 15
Project("{FAE04EC0-301F-11D3-BF4B-00C04F79EFBC}") = "The Office Type", "The Office Type.csproj", "{5C5B1F55-F6DB-3383-3D63-D257541ED512}"
EndProject
Global
	GlobalSection(SolutionConfigurationPlatforms) = preSolution
		Debug|Any CPU = Debug|Any CPU
		Release|Any CPU = Release|Any CPU
	EndGlobalSection
	GlobalSection(ProjectConfigurationPlatforms) = postSolution
		{5C5B1F55-F6DB-3383-3D63-D257541ED512}.Debug|Any CPU.ActiveCfg = Debug|Any CPU
		{5C5B1F55-F6DB-3383-3D63-D257541ED512}.Debug|Any CPU.Build.0 = Debug|Any CPU
		{5C5B1F55-F6DB-3383-3D63-D257541ED512}.Release|Any CPU.ActiveCfg = Release|Any CPU
		{5C5B1F55-F6DB-3383-3D63-D257541ED512}.Release|Any CPU.Build.0 = Release|Any CPU
	EndGlobalSection
	GlobalSection(SolutionProperties) = preSolution
		HideSolutionNode = FALSE
	EndGlobalSection
EndGlobal
